
Microsoft Visual Studio Solution File, Format Version 12.00
Project("{FAE04EC0-301F-11D3-BF4B-00C04F79EFBC}") = "Tasks", "Tasks\Tasks.csproj", "{A0F74CE5-E9BA-4029-856B-5CD1EECB5BC5}"
EndProject
Global
	GlobalSection(SolutionConfigurationPlatforms) = preSolution
		Debug|Any CPU = Debug|Any CPU
		Release|Any CPU = Release|Any CPU
	EndGlobalSection
	GlobalSection(ProjectConfigurationPlatforms) = postSolution
		{A0F74CE5-E9BA-4029-856B-5CD1EECB5BC5}.Debug|Any CPU.ActiveCfg = Debug|Any CPU
		{A0F74CE5-E9BA-4029-856B-5CD1EECB5BC5}.Debug|Any CPU.Build.0 = Debug|Any CPU
		{A0F74CE5-E9BA-4029-856B-5CD1EECB5BC5}.Release|Any CPU.ActiveCfg = Release|Any CPU
		{A0F74CE5-E9BA-4029-856B-5CD1EECB5BC5}.Release|Any CPU.Build.0 = Release|Any CPU
	EndGlobalSection
EndGlobal
